
Microsoft Visual Studio Solution File, Format Version 12.00
# Visual Studio Version 16
VisualStudioVersion = 16.0.30011.22
MinimumVisualStudioVersion = 10.0.40219.1
Project("{FAE04EC0-301F-11D3-BF4B-00C04F79EFBC}") = "TeamsCLI", "TeamsCLI\TeamsCLI.csproj", "{D2456C67-83BA-4669-B33B-C2D29A082A5D}"
EndProject
Global
	GlobalSection(SolutionConfigurationPlatforms) = preSolution
		Debug|Any CPU = Debug|Any CPU
		Release|Any CPU = Release|Any CPU
	EndGlobalSection
	GlobalSection(ProjectConfigurationPlatforms) = postSolution
		{D2456C67-83BA-4669-B33B-C2D29A082A5D}.Debug|Any CPU.ActiveCfg = Debug|Any CPU
		{D2456C67-83BA-4669-B33B-C2D29A082A5D}.Debug|Any CPU.Build.0 = Debug|Any CPU
		{D2456C67-83BA-4669-B33B-C2D29A082A5D}.Release|Any CPU.ActiveCfg = Release|Any CPU
		{D2456C67-83BA-4669-B33B-C2D29A082A5D}.Release|Any CPU.Build.0 = Release|Any CPU
	EndGlobalSection
	GlobalSection(SolutionProperties) = preSolution
		HideSolutionNode = FALSE
	EndGlobalSection
	GlobalSection(ExtensibilityGlobals) = postSolution
		SolutionGuid = {F1072F2A-9B8A-4E22-B35A-50A9E7D855AC}
	EndGlobalSection
EndGlobal
